
Microsoft Visual Studio Solution File, Format Version 12.00
# Visual Studio Version 17
VisualStudioVersion = 17.13.35818.85 d17.13
MinimumVisualStudioVersion = 10.0.40219.1
Project("{8BC9CEB8-8B4A-11D0-8D11-00A0C91BC942}") = "test3_cars", "test3_cars.vcxproj", "{5B72F9E7-48DD-4ECE-B134-8697D0790C97}"
EndProject
Global
	GlobalSection(SolutionConfigurationPlatforms) = preSolution
		Debug|x64 = Debug|x64
		Release|x64 = Release|x64
	EndGlobalSection
	GlobalSection(ProjectConfigurationPlatforms) = postSolution
		{5B72F9E7-48DD-4ECE-B134-8697D0790C97}.Debug|x64.ActiveCfg = Debug|x64
		{5B72F9E7-48DD-4ECE-B134-8697D0790C97}.Debug|x64.Build.0 = Debug|x64
		{5B72F9E7-48DD-4ECE-B134-8697D0790C97}.Release|x64.ActiveCfg = Release|x64
		{5B72F9E7-48DD-4ECE-B134-8697D0790C97}.Release|x64.Build.0 = Release|x64
	EndGlobalSection
	GlobalSection(SolutionProperties) = preSolution
		HideSolutionNode = FALSE
	EndGlobalSection
	GlobalSection(ExtensibilityGlobals) = postSolution
		SolutionGuid = {BBD22D76-6B38-4CAF-8D31-A820B00BC056}
	EndGlobalSection
EndGlobal
